
Microsoft Visual Studio Solution File, Format Version 12.00
# Visual Studio Version 17
VisualStudioVersion = 17.14.36127.28
MinimumVisualStudioVersion = 10.0.40219.1
Project("{FAE04EC0-301F-11D3-BF4B-00C04F79EFBC}") = "DBLibrary", "DBLibrary\DBLibrary.csproj", "{C2683E43-E172-4ED3-A451-0EF6BB15BF9E}"
EndProject
Project("{FAE04EC0-301F-11D3-BF4B-00C04F79EFBC}") = "ClientConsole", "ClientConsole\ClientConsole.csproj", "{94BBDB93-7FE5-4824-8340-46C2B2B85F06}"
EndProject
Project("{FAE04EC0-301F-11D3-BF4B-00C04F79EFBC}") = "WebApi", "WebApi\WebApi.csproj", "{D67E62C8-0206-49C0-8D46-3092EA304959}"
EndProject
Global
	GlobalSection(SolutionConfigurationPlatforms) = preSolution
		Debug|Any CPU = Debug|Any CPU
		Release|Any CPU = Release|Any CPU
	EndGlobalSection
	GlobalSection(ProjectConfigurationPlatforms) = postSolution
		{C2683E43-E172-4ED3-A451-0EF6BB15BF9E}.Debug|Any CPU.ActiveCfg = Debug|Any CPU
		{C2683E43-E172-4ED3-A451-0EF6BB15BF9E}.Debug|Any CPU.Build.0 = Debug|Any CPU
		{C2683E43-E172-4ED3-A451-0EF6BB15BF9E}.Release|Any CPU.ActiveCfg = Release|Any CPU
		{C2683E43-E172-4ED3-A451-0EF6BB15BF9E}.Release|Any CPU.Build.0 = Release|Any CPU
		{94BBDB93-7FE5-4824-8340-46C2B2B85F06}.Debug|Any CPU.ActiveCfg = Debug|Any CPU
		{94BBDB93-7FE5-4824-8340-46C2B2B85F06}.Debug|Any CPU.Build.0 = Debug|Any CPU
		{94BBDB93-7FE5-4824-8340-46C2B2B85F06}.Release|Any CPU.ActiveCfg = Release|Any CPU
		{94BBDB93-7FE5-4824-8340-46C2B2B85F06}.Release|Any CPU.Build.0 = Release|Any CPU
		{D67E62C8-0206-49C0-8D46-3092EA304959}.Debug|Any CPU.ActiveCfg = Debug|Any CPU
		{D67E62C8-0206-49C0-8D46-3092EA304959}.Debug|Any CPU.Build.0 = Debug|Any CPU
		{D67E62C8-0206-49C0-8D46-3092EA304959}.Release|Any CPU.ActiveCfg = Release|Any CPU
		{D67E62C8-0206-49C0-8D46-3092EA304959}.Release|Any CPU.Build.0 = Release|Any CPU
	EndGlobalSection
	GlobalSection(SolutionProperties) = preSolution
		HideSolutionNode = FALSE
	EndGlobalSection
	GlobalSection(ExtensibilityGlobals) = postSolution
		SolutionGuid = {3B1687F8-17B4-4471-9BBE-B179069492E0}
	EndGlobalSection
EndGlobal
