
Microsoft Visual Studio Solution File, Format Version 12.00
# Visual Studio Version 17
VisualStudioVersion = 17.14.36127.28 d17.14
MinimumVisualStudioVersion = 10.0.40219.1
Project("{FAE04EC0-301F-11D3-BF4B-00C04F79EFBC}") = "Lection0407", "Lection0407\Lection0407.csproj", "{B9ADAA24-C590-F237-134A-31F46EFD5144}"
EndProject
Project("{FAE04EC0-301F-11D3-BF4B-00C04F79EFBC}") = "Lection0407WPF", "Lection0407WPF\Lection0407WPF.csproj", "{1D792914-DE35-FE8F-B215-286FB3DE87D5}"
EndProject
Project("{FAE04EC0-301F-11D3-BF4B-00C04F79EFBC}") = "Lection0409", "Lection0409\Lection0409.csproj", "{CEEA594C-5C2A-E790-7886-A6B5B9B0B056}"
EndProject
Project("{FAE04EC0-301F-11D3-BF4B-00C04F79EFBC}") = "Lection0421", "Lection0421\Lection0421.csproj", "{AFDA0402-8D02-8885-29B4-E073C32361B8}"
EndProject
Project("{FAE04EC0-301F-11D3-BF4B-00C04F79EFBC}") = "Lection0422", "Lection0422\Lection0422.csproj", "{86A884C2-63DB-847B-1ADE-B26C155646AC}"
EndProject
Project("{FAE04EC0-301F-11D3-BF4B-00C04F79EFBC}") = "Lection0423", "Lection0423\Lection0423.csproj", "{4B273738-4C63-EB64-ED1A-74DC59D0D088}"
EndProject
Project("{FAE04EC0-301F-11D3-BF4B-00C04F79EFBC}") = "Lection0425", "Lection0425\Lection0425.csproj", "{553E0633-60A4-6450-717B-0C3D447B6759}"
EndProject
Project("{FAE04EC0-301F-11D3-BF4B-00C04F79EFBC}") = "Lection0428", "Lection0428\Lection0428.csproj", "{E33D6E98-FCBD-E171-659B-0B9AB3CA6F59}"
EndProject
Project("{FAE04EC0-301F-11D3-BF4B-00C04F79EFBC}") = "Lection0507", "Lection0507\Lection0507.csproj", "{9C788A06-9DCA-E194-0410-C136FE4402A7}"
EndProject
Project("{FAE04EC0-301F-11D3-BF4B-00C04F79EFBC}") = "Lection0526", "Lection0526\Lection0526.csproj", "{D24111AC-DB0A-B05C-807E-544290F02DF2}"
EndProject
Project("{FAE04EC0-301F-11D3-BF4B-00C04F79EFBC}") = "Lection0527", "Lection0527\Lection0527.csproj", "{CAFE5E1E-AB2A-AE52-7726-DB63173C4F10}"
EndProject
Project("{FAE04EC0-301F-11D3-BF4B-00C04F79EFBC}") = "Lection0528", "Lection0528\Lection0528.csproj", "{FD2E2A60-0316-AC09-A438-F5EB70A1218B}"
EndProject
Project("{FAE04EC0-301F-11D3-BF4B-00C04F79EFBC}") = "WpfControlLibrary0530", "Lection0530WPF\WpfControlLibrary0530.csproj", "{82A9C37F-C32C-D6F7-0FFC-10FB5DA08EDF}"
EndProject
Project("{FAE04EC0-301F-11D3-BF4B-00C04F79EFBC}") = "Lection0531", "Lection0531\Lection0531.csproj", "{3D38395C-EA16-4D6F-041E-EB7037022867}"
EndProject
Project("{FAE04EC0-301F-11D3-BF4B-00C04F79EFBC}") = "Lection0531MauiApp", "Lection0531MauiApp\Lection0531MauiApp.csproj", "{8F4ACDC4-90C5-8579-90B7-C5E6A9864042}"
EndProject
Global
	GlobalSection(SolutionConfigurationPlatforms) = preSolution
		Debug|Any CPU = Debug|Any CPU
		Release|Any CPU = Release|Any CPU
	EndGlobalSection
	GlobalSection(ProjectConfigurationPlatforms) = postSolution
		{B9ADAA24-C590-F237-134A-31F46EFD5144}.Debug|Any CPU.ActiveCfg = Debug|Any CPU
		{B9ADAA24-C590-F237-134A-31F46EFD5144}.Debug|Any CPU.Build.0 = Debug|Any CPU
		{B9ADAA24-C590-F237-134A-31F46EFD5144}.Release|Any CPU.ActiveCfg = Release|Any CPU
		{B9ADAA24-C590-F237-134A-31F46EFD5144}.Release|Any CPU.Build.0 = Release|Any CPU
		{1D792914-DE35-FE8F-B215-286FB3DE87D5}.Debug|Any CPU.ActiveCfg = Debug|Any CPU
		{1D792914-DE35-FE8F-B215-286FB3DE87D5}.Debug|Any CPU.Build.0 = Debug|Any CPU
		{1D792914-DE35-FE8F-B215-286FB3DE87D5}.Release|Any CPU.ActiveCfg = Release|Any CPU
		{1D792914-DE35-FE8F-B215-286FB3DE87D5}.Release|Any CPU.Build.0 = Release|Any CPU
		{CEEA594C-5C2A-E790-7886-A6B5B9B0B056}.Debug|Any CPU.ActiveCfg = Debug|Any CPU
		{CEEA594C-5C2A-E790-7886-A6B5B9B0B056}.Debug|Any CPU.Build.0 = Debug|Any CPU
		{CEEA594C-5C2A-E790-7886-A6B5B9B0B056}.Release|Any CPU.ActiveCfg = Release|Any CPU
		{CEEA594C-5C2A-E790-7886-A6B5B9B0B056}.Release|Any CPU.Build.0 = Release|Any CPU
		{AFDA0402-8D02-8885-29B4-E073C32361B8}.Debug|Any CPU.ActiveCfg = Debug|Any CPU
		{AFDA0402-8D02-8885-29B4-E073C32361B8}.Debug|Any CPU.Build.0 = Debug|Any CPU
		{AFDA0402-8D02-8885-29B4-E073C32361B8}.Release|Any CPU.ActiveCfg = Release|Any CPU
		{AFDA0402-8D02-8885-29B4-E073C32361B8}.Release|Any CPU.Build.0 = Release|Any CPU
		{86A884C2-63DB-847B-1ADE-B26C155646AC}.Debug|Any CPU.ActiveCfg = Debug|Any CPU
		{86A884C2-63DB-847B-1ADE-B26C155646AC}.Debug|Any CPU.Build.0 = Debug|Any CPU
		{86A884C2-63DB-847B-1ADE-B26C155646AC}.Release|Any CPU.ActiveCfg = Release|Any CPU
		{86A884C2-63DB-847B-1ADE-B26C155646AC}.Release|Any CPU.Build.0 = Release|Any CPU
		{4B273738-4C63-EB64-ED1A-74DC59D0D088}.Debug|Any CPU.ActiveCfg = Debug|Any CPU
		{4B273738-4C63-EB64-ED1A-74DC59D0D088}.Debug|Any CPU.Build.0 = Debug|Any CPU
		{4B273738-4C63-EB64-ED1A-74DC59D0D088}.Release|Any CPU.ActiveCfg = Release|Any CPU
		{4B273738-4C63-EB64-ED1A-74DC59D0D088}.Release|Any CPU.Build.0 = Release|Any CPU
		{553E0633-60A4-6450-717B-0C3D447B6759}.Debug|Any CPU.ActiveCfg = Debug|Any CPU
		{553E0633-60A4-6450-717B-0C3D447B6759}.Debug|Any CPU.Build.0 = Debug|Any CPU
		{553E0633-60A4-6450-717B-0C3D447B6759}.Release|Any CPU.ActiveCfg = Release|Any CPU
		{553E0633-60A4-6450-717B-0C3D447B6759}.Release|Any CPU.Build.0 = Release|Any CPU
		{E33D6E98-FCBD-E171-659B-0B9AB3CA6F59}.Debug|Any CPU.ActiveCfg = Debug|Any CPU
		{E33D6E98-FCBD-E171-659B-0B9AB3CA6F59}.Debug|Any CPU.Build.0 = Debug|Any CPU
		{E33D6E98-FCBD-E171-659B-0B9AB3CA6F59}.Release|Any CPU.ActiveCfg = Release|Any CPU
		{E33D6E98-FCBD-E171-659B-0B9AB3CA6F59}.Release|Any CPU.Build.0 = Release|Any CPU
		{9C788A06-9DCA-E194-0410-C136FE4402A7}.Debug|Any CPU.ActiveCfg = Debug|Any CPU
		{9C788A06-9DCA-E194-0410-C136FE4402A7}.Debug|Any CPU.Build.0 = Debug|Any CPU
		{9C788A06-9DCA-E194-0410-C136FE4402A7}.Release|Any CPU.ActiveCfg = Release|Any CPU
		{9C788A06-9DCA-E194-0410-C136FE4402A7}.Release|Any CPU.Build.0 = Release|Any CPU
		{D24111AC-DB0A-B05C-807E-544290F02DF2}.Debug|Any CPU.ActiveCfg = Debug|Any CPU
		{D24111AC-DB0A-B05C-807E-544290F02DF2}.Debug|Any CPU.Build.0 = Debug|Any CPU
		{D24111AC-DB0A-B05C-807E-544290F02DF2}.Release|Any CPU.ActiveCfg = Release|Any CPU
		{D24111AC-DB0A-B05C-807E-544290F02DF2}.Release|Any CPU.Build.0 = Release|Any CPU
		{CAFE5E1E-AB2A-AE52-7726-DB63173C4F10}.Debug|Any CPU.ActiveCfg = Debug|Any CPU
		{CAFE5E1E-AB2A-AE52-7726-DB63173C4F10}.Debug|Any CPU.Build.0 = Debug|Any CPU
		{CAFE5E1E-AB2A-AE52-7726-DB63173C4F10}.Release|Any CPU.ActiveCfg = Release|Any CPU
		{CAFE5E1E-AB2A-AE52-7726-DB63173C4F10}.Release|Any CPU.Build.0 = Release|Any CPU
		{FD2E2A60-0316-AC09-A438-F5EB70A1218B}.Debug|Any CPU.ActiveCfg = Debug|Any CPU
		{FD2E2A60-0316-AC09-A438-F5EB70A1218B}.Debug|Any CPU.Build.0 = Debug|Any CPU
		{FD2E2A60-0316-AC09-A438-F5EB70A1218B}.Release|Any CPU.ActiveCfg = Release|Any CPU
		{FD2E2A60-0316-AC09-A438-F5EB70A1218B}.Release|Any CPU.Build.0 = Release|Any CPU
		{82A9C37F-C32C-D6F7-0FFC-10FB5DA08EDF}.Debug|Any CPU.ActiveCfg = Debug|Any CPU
		{82A9C37F-C32C-D6F7-0FFC-10FB5DA08EDF}.Debug|Any CPU.Build.0 = Debug|Any CPU
		{82A9C37F-C32C-D6F7-0FFC-10FB5DA08EDF}.Release|Any CPU.ActiveCfg = Release|Any CPU
		{82A9C37F-C32C-D6F7-0FFC-10FB5DA08EDF}.Release|Any CPU.Build.0 = Release|Any CPU
		{3D38395C-EA16-4D6F-041E-EB7037022867}.Debug|Any CPU.ActiveCfg = Debug|Any CPU
		{3D38395C-EA16-4D6F-041E-EB7037022867}.Debug|Any CPU.Build.0 = Debug|Any CPU
		{3D38395C-EA16-4D6F-041E-EB7037022867}.Release|Any CPU.ActiveCfg = Release|Any CPU
		{3D38395C-EA16-4D6F-041E-EB7037022867}.Release|Any CPU.Build.0 = Release|Any CPU
		{8F4ACDC4-90C5-8579-90B7-C5E6A9864042}.Debug|Any CPU.ActiveCfg = Debug|Any CPU
		{8F4ACDC4-90C5-8579-90B7-C5E6A9864042}.Debug|Any CPU.Build.0 = Debug|Any CPU
		{8F4ACDC4-90C5-8579-90B7-C5E6A9864042}.Release|Any CPU.ActiveCfg = Release|Any CPU
		{8F4ACDC4-90C5-8579-90B7-C5E6A9864042}.Release|Any CPU.Build.0 = Release|Any CPU
	EndGlobalSection
	GlobalSection(SolutionProperties) = preSolution
		HideSolutionNode = FALSE
	EndGlobalSection
	GlobalSection(ExtensibilityGlobals) = postSolution
		SolutionGuid = {57EFA97C-A84A-45C8-A4D3-3FFB9F44A0D7}
	EndGlobalSection
EndGlobal
