
Microsoft Visual Studio Solution File, Format Version 12.00
# Visual Studio Version 17
VisualStudioVersion = 17.12.35707.178
MinimumVisualStudioVersion = 10.0.40219.1
Project("{FAE04EC0-301F-11D3-BF4B-00C04F79EFBC}") = "Task1", "Task1\Task1.csproj", "{ED042B5C-DDAC-4F2B-8A67-797A4EC88E3D}"
EndProject
Project("{FAE04EC0-301F-11D3-BF4B-00C04F79EFBC}") = "Task2", "Task2\Task2.csproj", "{C642EFFD-5C5A-42AA-90F8-3B9FB3CA9375}"
EndProject
Project("{FAE04EC0-301F-11D3-BF4B-00C04F79EFBC}") = "Task3", "Task3\Task3.csproj", "{FF88BC97-457E-43C0-BACF-F0EAECC5D4A8}"
EndProject
Global
	GlobalSection(SolutionConfigurationPlatforms) = preSolution
		Debug|Any CPU = Debug|Any CPU
		Release|Any CPU = Release|Any CPU
	EndGlobalSection
	GlobalSection(ProjectConfigurationPlatforms) = postSolution
		{ED042B5C-DDAC-4F2B-8A67-797A4EC88E3D}.Debug|Any CPU.ActiveCfg = Debug|Any CPU
		{ED042B5C-DDAC-4F2B-8A67-797A4EC88E3D}.Debug|Any CPU.Build.0 = Debug|Any CPU
		{ED042B5C-DDAC-4F2B-8A67-797A4EC88E3D}.Release|Any CPU.ActiveCfg = Release|Any CPU
		{ED042B5C-DDAC-4F2B-8A67-797A4EC88E3D}.Release|Any CPU.Build.0 = Release|Any CPU
		{C642EFFD-5C5A-42AA-90F8-3B9FB3CA9375}.Debug|Any CPU.ActiveCfg = Debug|Any CPU
		{C642EFFD-5C5A-42AA-90F8-3B9FB3CA9375}.Debug|Any CPU.Build.0 = Debug|Any CPU
		{C642EFFD-5C5A-42AA-90F8-3B9FB3CA9375}.Release|Any CPU.ActiveCfg = Release|Any CPU
		{C642EFFD-5C5A-42AA-90F8-3B9FB3CA9375}.Release|Any CPU.Build.0 = Release|Any CPU
		{FF88BC97-457E-43C0-BACF-F0EAECC5D4A8}.Debug|Any CPU.ActiveCfg = Debug|Any CPU
		{FF88BC97-457E-43C0-BACF-F0EAECC5D4A8}.Debug|Any CPU.Build.0 = Debug|Any CPU
		{FF88BC97-457E-43C0-BACF-F0EAECC5D4A8}.Release|Any CPU.ActiveCfg = Release|Any CPU
		{FF88BC97-457E-43C0-BACF-F0EAECC5D4A8}.Release|Any CPU.Build.0 = Release|Any CPU
	EndGlobalSection
	GlobalSection(SolutionProperties) = preSolution
		HideSolutionNode = FALSE
	EndGlobalSection
EndGlobal
