
Microsoft Visual Studio Solution File, Format Version 12.00
# Visual Studio Version 17
VisualStudioVersion = 17.12.35707.178
MinimumVisualStudioVersion = 10.0.40219.1
Project("{FAE04EC0-301F-11D3-BF4B-00C04F79EFBC}") = "LabWork36", "LabWork36\LabWork36.csproj", "{5758C03E-5CF9-4656-96A0-1E90E9DC33E1}"
EndProject
Project("{FAE04EC0-301F-11D3-BF4B-00C04F79EFBC}") = "Task4", "Task4\Task4.csproj", "{AADF8070-A1AA-41A9-BA0D-8F36D064363C}"
EndProject
Global
	GlobalSection(SolutionConfigurationPlatforms) = preSolution
		Debug|Any CPU = Debug|Any CPU
		Release|Any CPU = Release|Any CPU
	EndGlobalSection
	GlobalSection(ProjectConfigurationPlatforms) = postSolution
		{5758C03E-5CF9-4656-96A0-1E90E9DC33E1}.Debug|Any CPU.ActiveCfg = Debug|Any CPU
		{5758C03E-5CF9-4656-96A0-1E90E9DC33E1}.Debug|Any CPU.Build.0 = Debug|Any CPU
		{5758C03E-5CF9-4656-96A0-1E90E9DC33E1}.Release|Any CPU.ActiveCfg = Release|Any CPU
		{5758C03E-5CF9-4656-96A0-1E90E9DC33E1}.Release|Any CPU.Build.0 = Release|Any CPU
		{AADF8070-A1AA-41A9-BA0D-8F36D064363C}.Debug|Any CPU.ActiveCfg = Debug|Any CPU
		{AADF8070-A1AA-41A9-BA0D-8F36D064363C}.Debug|Any CPU.Build.0 = Debug|Any CPU
		{AADF8070-A1AA-41A9-BA0D-8F36D064363C}.Release|Any CPU.ActiveCfg = Release|Any CPU
		{AADF8070-A1AA-41A9-BA0D-8F36D064363C}.Release|Any CPU.Build.0 = Release|Any CPU
	EndGlobalSection
	GlobalSection(SolutionProperties) = preSolution
		HideSolutionNode = FALSE
	EndGlobalSection
EndGlobal
