
Microsoft Visual Studio Solution File, Format Version 12.00
# Visual Studio Version 17
VisualStudioVersion = 17.12.35527.113 d17.12
MinimumVisualStudioVersion = 10.0.40219.1
Project("{FAE04EC0-301F-11D3-BF4B-00C04F79EFBC}") = "LabWork20", "LabWork20\LabWork20.csproj", "{3ED0347A-FD4A-4A4E-B68F-1F3D65E483BC}"
EndProject
Project("{2150E333-8FDC-42A3-9474-1A3956D46DE8}") = "Элементы решения", "Элементы решения", "{760F420E-68BF-4A75-80B9-647AB5D5DE18}"
EndProject
Global
	GlobalSection(SolutionConfigurationPlatforms) = preSolution
		Debug|Any CPU = Debug|Any CPU
		Release|Any CPU = Release|Any CPU
	EndGlobalSection
	GlobalSection(ProjectConfigurationPlatforms) = postSolution
		{3ED0347A-FD4A-4A4E-B68F-1F3D65E483BC}.Debug|Any CPU.ActiveCfg = Debug|Any CPU
		{3ED0347A-FD4A-4A4E-B68F-1F3D65E483BC}.Debug|Any CPU.Build.0 = Debug|Any CPU
		{3ED0347A-FD4A-4A4E-B68F-1F3D65E483BC}.Release|Any CPU.ActiveCfg = Release|Any CPU
		{3ED0347A-FD4A-4A4E-B68F-1F3D65E483BC}.Release|Any CPU.Build.0 = Release|Any CPU
	EndGlobalSection
	GlobalSection(SolutionProperties) = preSolution
		HideSolutionNode = FALSE
	EndGlobalSection
EndGlobal
