
Microsoft Visual Studio Solution File, Format Version 12.00
# Visual Studio Version 17
VisualStudioVersion = 17.14.36109.1 d17.14
MinimumVisualStudioVersion = 10.0.40219.1
Project("{FAE04EC0-301F-11D3-BF4B-00C04F79EFBC}") = "LabWork40", "LabWork40\LabWork40.csproj", "{367A7F4E-BE77-478D-9121-C0221E828A67}"
EndProject
Global
	GlobalSection(SolutionConfigurationPlatforms) = preSolution
		Debug|Any CPU = Debug|Any CPU
		Release|Any CPU = Release|Any CPU
	EndGlobalSection
	GlobalSection(ProjectConfigurationPlatforms) = postSolution
		{367A7F4E-BE77-478D-9121-C0221E828A67}.Debug|Any CPU.ActiveCfg = Debug|Any CPU
		{367A7F4E-BE77-478D-9121-C0221E828A67}.Debug|Any CPU.Build.0 = Debug|Any CPU
		{367A7F4E-BE77-478D-9121-C0221E828A67}.Release|Any CPU.ActiveCfg = Release|Any CPU
		{367A7F4E-BE77-478D-9121-C0221E828A67}.Release|Any CPU.Build.0 = Release|Any CPU
	EndGlobalSection
	GlobalSection(SolutionProperties) = preSolution
		HideSolutionNode = FALSE
	EndGlobalSection
	GlobalSection(ExtensibilityGlobals) = postSolution
		SolutionGuid = {680933A8-1EDE-4241-A8F9-4A7D6D3855A6}
	EndGlobalSection
EndGlobal
