
Microsoft Visual Studio Solution File, Format Version 12.00
# Visual Studio Version 17
VisualStudioVersion = 17.12.35527.113 d17.12
MinimumVisualStudioVersion = 10.0.40219.1
Project("{FAE04EC0-301F-11D3-BF4B-00C04F79EFBC}") = "Task1", "LabWork28\Task1.csproj", "{E2CF269C-9E05-4DCD-9802-D62DDE4F38AD}"
EndProject
Project("{FAE04EC0-301F-11D3-BF4B-00C04F79EFBC}") = "Task2", "Task2\Task2.csproj", "{A784BBA4-210E-4AC8-AA9A-A3B52B3D4C8E}"
EndProject
Project("{FAE04EC0-301F-11D3-BF4B-00C04F79EFBC}") = "Task3", "Task3\Task3.csproj", "{FD01E15C-5B98-4E04-981A-E684CBB9865E}"
EndProject
Project("{FAE04EC0-301F-11D3-BF4B-00C04F79EFBC}") = "Task4", "Task4\Task4.csproj", "{23C3A4CD-2576-4EC2-BEDD-93EDD024A03D}"
EndProject
Global
	GlobalSection(SolutionConfigurationPlatforms) = preSolution
		Debug|Any CPU = Debug|Any CPU
		Release|Any CPU = Release|Any CPU
	EndGlobalSection
	GlobalSection(ProjectConfigurationPlatforms) = postSolution
		{E2CF269C-9E05-4DCD-9802-D62DDE4F38AD}.Debug|Any CPU.ActiveCfg = Debug|Any CPU
		{E2CF269C-9E05-4DCD-9802-D62DDE4F38AD}.Debug|Any CPU.Build.0 = Debug|Any CPU
		{E2CF269C-9E05-4DCD-9802-D62DDE4F38AD}.Release|Any CPU.ActiveCfg = Release|Any CPU
		{E2CF269C-9E05-4DCD-9802-D62DDE4F38AD}.Release|Any CPU.Build.0 = Release|Any CPU
		{A784BBA4-210E-4AC8-AA9A-A3B52B3D4C8E}.Debug|Any CPU.ActiveCfg = Debug|Any CPU
		{A784BBA4-210E-4AC8-AA9A-A3B52B3D4C8E}.Debug|Any CPU.Build.0 = Debug|Any CPU
		{A784BBA4-210E-4AC8-AA9A-A3B52B3D4C8E}.Release|Any CPU.ActiveCfg = Release|Any CPU
		{A784BBA4-210E-4AC8-AA9A-A3B52B3D4C8E}.Release|Any CPU.Build.0 = Release|Any CPU
		{FD01E15C-5B98-4E04-981A-E684CBB9865E}.Debug|Any CPU.ActiveCfg = Debug|Any CPU
		{FD01E15C-5B98-4E04-981A-E684CBB9865E}.Debug|Any CPU.Build.0 = Debug|Any CPU
		{FD01E15C-5B98-4E04-981A-E684CBB9865E}.Release|Any CPU.ActiveCfg = Release|Any CPU
		{FD01E15C-5B98-4E04-981A-E684CBB9865E}.Release|Any CPU.Build.0 = Release|Any CPU
		{23C3A4CD-2576-4EC2-BEDD-93EDD024A03D}.Debug|Any CPU.ActiveCfg = Debug|Any CPU
		{23C3A4CD-2576-4EC2-BEDD-93EDD024A03D}.Debug|Any CPU.Build.0 = Debug|Any CPU
		{23C3A4CD-2576-4EC2-BEDD-93EDD024A03D}.Release|Any CPU.ActiveCfg = Release|Any CPU
		{23C3A4CD-2576-4EC2-BEDD-93EDD024A03D}.Release|Any CPU.Build.0 = Release|Any CPU
	EndGlobalSection
	GlobalSection(SolutionProperties) = preSolution
		HideSolutionNode = FALSE
	EndGlobalSection
EndGlobal
