
Microsoft Visual Studio Solution File, Format Version 12.00
# Visual Studio Version 17
VisualStudioVersion = 17.12.35527.113
MinimumVisualStudioVersion = 10.0.40219.1
Project("{FAE04EC0-301F-11D3-BF4B-00C04F79EFBC}") = "Lection0116", "Lection0116\Lection0116.csproj", "{B18A2BD4-0CE4-407E-930D-E8D2EDFD971D}"
EndProject
Project("{FAE04EC0-301F-11D3-BF4B-00C04F79EFBC}") = "Lection0116Tests", "Lection0116Tests\Lection0116Tests.csproj", "{FE6FDD6A-7075-48DA-8152-D76A86A2556B}"
EndProject
Project("{FAE04EC0-301F-11D3-BF4B-00C04F79EFBC}") = "Lection0117", "Lection0117\Lection0117.csproj", "{3CF0498B-8893-4CF3-A837-72F490F7CC7F}"
EndProject
Project("{FAE04EC0-301F-11D3-BF4B-00C04F79EFBC}") = "Lection0125", "Lection0125\Lection0125.csproj", "{9E1B6DAA-2DBE-405B-A222-108EDAE464CD}"
EndProject
Project("{FAE04EC0-301F-11D3-BF4B-00C04F79EFBC}") = "Lection0128", "Lection0128\Lection0128.csproj", "{B34DDC40-C598-4F8B-93CC-F71A82308779}"
EndProject
Project("{FAE04EC0-301F-11D3-BF4B-00C04F79EFBC}") = "Lection0130", "Lection0130\Lection0130.csproj", "{63611263-018F-4CE8-A8F7-755E84DB975A}"
EndProject
Project("{FAE04EC0-301F-11D3-BF4B-00C04F79EFBC}") = "Lection0131", "Lection0131\Lection0131.csproj", "{F2A8C457-3B4F-4BB9-B79A-835EAB76AB8F}"
EndProject
Project("{FAE04EC0-301F-11D3-BF4B-00C04F79EFBC}") = "Lection0208", "Lection0208\Lection0208.csproj", "{9634D17A-CB9A-4399-A304-3447B51ADBDA}"
EndProject
Project("{FAE04EC0-301F-11D3-BF4B-00C04F79EFBC}") = "Lection0210", "Lection0210\Lection0210.csproj", "{2517E1E8-C7B3-49FC-883E-F5749B221907}"
EndProject
Project("{FAE04EC0-301F-11D3-BF4B-00C04F79EFBC}") = "Lection0227", "Lection0227\Lection0227.csproj", "{C6238C05-448C-4120-AE01-6E63236E3DF9}"
EndProject
Project("{FAE04EC0-301F-11D3-BF4B-00C04F79EFBC}") = "Lection0227 (forms)", "Lection0227 (forms)\Lection0227 (forms).csproj", "{3D6C4B9D-D255-4F08-9045-0314EAFF0BDA}"
EndProject
Project("{FAE04EC0-301F-11D3-BF4B-00C04F79EFBC}") = "Lection0203", "Lection0203\Lection0203.csproj", "{D5F1A684-74ED-4907-BD08-5EB9FD470084}"
EndProject
Project("{FAE04EC0-301F-11D3-BF4B-00C04F79EFBC}") = "Lection0303", "Lection0303\Lection0303.csproj", "{7063DCB0-F026-4EDA-BA51-75088E61F4C9}"
EndProject
Project("{FAE04EC0-301F-11D3-BF4B-00C04F79EFBC}") = "Lection0304", "Lection0304\Lection0304.csproj", "{4F1822EC-8B01-4185-80AD-47FDFB0CA05E}"
EndProject
Project("{FAE04EC0-301F-11D3-BF4B-00C04F79EFBC}") = "Lection0312", "Lection0312\Lection0312.csproj", "{9EE51375-7432-4F8B-B597-FEFF18DE7108}"
EndProject
Project("{FAE04EC0-301F-11D3-BF4B-00C04F79EFBC}") = "Lection0313", "Lection0313\Lection0313.csproj", "{F9D8028D-9600-4691-B202-E539AD440AD8}"
EndProject
Project("{FAE04EC0-301F-11D3-BF4B-00C04F79EFBC}") = "Lection0313 (part 2)", "Lection0313 (part 2)\Lection0313 (part 2).csproj", "{80527214-EEE0-47BB-951A-B5EBB0D9DCAC}"
EndProject
Project("{FAE04EC0-301F-11D3-BF4B-00C04F79EFBC}") = "Lection0317", "Lection0317\Lection0317.csproj", "{969972D8-D615-44E3-B876-97144AFF144B}"
EndProject
Project("{FAE04EC0-301F-11D3-BF4B-00C04F79EFBC}") = "Lection0318Api1", "Lection0318Api1\Lection0318Api1.csproj", "{67586082-8663-40E5-931F-867DF4BAEF59}"
EndProject
Project("{FAE04EC0-301F-11D3-BF4B-00C04F79EFBC}") = "Lection0318Api2", "Lection0318Api2\Lection0318Api2.csproj", "{8BCAA2C6-AF54-47EC-9545-4612A9CF5573}"
EndProject
Project("{FAE04EC0-301F-11D3-BF4B-00C04F79EFBC}") = "Lection0320", "Lection0320\Lection0320.csproj", "{D3463926-E68B-499A-8584-1FDA89E9E8BE}"
EndProject
Project("{FAE04EC0-301F-11D3-BF4B-00C04F79EFBC}") = "Lection0324", "Lection0324\Lection0324\Lection0324.csproj", "{EABE2347-848A-4587-A1F9-D242DBAE4F54}"
EndProject
Project("{FAE04EC0-301F-11D3-BF4B-00C04F79EFBC}") = "Lection0402", "Lection0402\Lection0402.csproj", "{71D43095-72AF-4CE1-A699-D4B9AF18C83E}"
EndProject
Global
	GlobalSection(SolutionConfigurationPlatforms) = preSolution
		Debug|Any CPU = Debug|Any CPU
		Release|Any CPU = Release|Any CPU
	EndGlobalSection
	GlobalSection(ProjectConfigurationPlatforms) = postSolution
		{B18A2BD4-0CE4-407E-930D-E8D2EDFD971D}.Debug|Any CPU.ActiveCfg = Debug|Any CPU
		{B18A2BD4-0CE4-407E-930D-E8D2EDFD971D}.Debug|Any CPU.Build.0 = Debug|Any CPU
		{B18A2BD4-0CE4-407E-930D-E8D2EDFD971D}.Release|Any CPU.ActiveCfg = Release|Any CPU
		{B18A2BD4-0CE4-407E-930D-E8D2EDFD971D}.Release|Any CPU.Build.0 = Release|Any CPU
		{FE6FDD6A-7075-48DA-8152-D76A86A2556B}.Debug|Any CPU.ActiveCfg = Debug|Any CPU
		{FE6FDD6A-7075-48DA-8152-D76A86A2556B}.Debug|Any CPU.Build.0 = Debug|Any CPU
		{FE6FDD6A-7075-48DA-8152-D76A86A2556B}.Release|Any CPU.ActiveCfg = Release|Any CPU
		{FE6FDD6A-7075-48DA-8152-D76A86A2556B}.Release|Any CPU.Build.0 = Release|Any CPU
		{3CF0498B-8893-4CF3-A837-72F490F7CC7F}.Debug|Any CPU.ActiveCfg = Debug|Any CPU
		{3CF0498B-8893-4CF3-A837-72F490F7CC7F}.Debug|Any CPU.Build.0 = Debug|Any CPU
		{3CF0498B-8893-4CF3-A837-72F490F7CC7F}.Release|Any CPU.ActiveCfg = Release|Any CPU
		{3CF0498B-8893-4CF3-A837-72F490F7CC7F}.Release|Any CPU.Build.0 = Release|Any CPU
		{9E1B6DAA-2DBE-405B-A222-108EDAE464CD}.Debug|Any CPU.ActiveCfg = Debug|Any CPU
		{9E1B6DAA-2DBE-405B-A222-108EDAE464CD}.Debug|Any CPU.Build.0 = Debug|Any CPU
		{9E1B6DAA-2DBE-405B-A222-108EDAE464CD}.Release|Any CPU.ActiveCfg = Release|Any CPU
		{9E1B6DAA-2DBE-405B-A222-108EDAE464CD}.Release|Any CPU.Build.0 = Release|Any CPU
		{B34DDC40-C598-4F8B-93CC-F71A82308779}.Debug|Any CPU.ActiveCfg = Debug|Any CPU
		{B34DDC40-C598-4F8B-93CC-F71A82308779}.Debug|Any CPU.Build.0 = Debug|Any CPU
		{B34DDC40-C598-4F8B-93CC-F71A82308779}.Release|Any CPU.ActiveCfg = Release|Any CPU
		{B34DDC40-C598-4F8B-93CC-F71A82308779}.Release|Any CPU.Build.0 = Release|Any CPU
		{63611263-018F-4CE8-A8F7-755E84DB975A}.Debug|Any CPU.ActiveCfg = Debug|Any CPU
		{63611263-018F-4CE8-A8F7-755E84DB975A}.Debug|Any CPU.Build.0 = Debug|Any CPU
		{63611263-018F-4CE8-A8F7-755E84DB975A}.Release|Any CPU.ActiveCfg = Release|Any CPU
		{63611263-018F-4CE8-A8F7-755E84DB975A}.Release|Any CPU.Build.0 = Release|Any CPU
		{F2A8C457-3B4F-4BB9-B79A-835EAB76AB8F}.Debug|Any CPU.ActiveCfg = Debug|Any CPU
		{F2A8C457-3B4F-4BB9-B79A-835EAB76AB8F}.Debug|Any CPU.Build.0 = Debug|Any CPU
		{F2A8C457-3B4F-4BB9-B79A-835EAB76AB8F}.Release|Any CPU.ActiveCfg = Release|Any CPU
		{F2A8C457-3B4F-4BB9-B79A-835EAB76AB8F}.Release|Any CPU.Build.0 = Release|Any CPU
		{9634D17A-CB9A-4399-A304-3447B51ADBDA}.Debug|Any CPU.ActiveCfg = Debug|Any CPU
		{9634D17A-CB9A-4399-A304-3447B51ADBDA}.Debug|Any CPU.Build.0 = Debug|Any CPU
		{9634D17A-CB9A-4399-A304-3447B51ADBDA}.Release|Any CPU.ActiveCfg = Release|Any CPU
		{9634D17A-CB9A-4399-A304-3447B51ADBDA}.Release|Any CPU.Build.0 = Release|Any CPU
		{2517E1E8-C7B3-49FC-883E-F5749B221907}.Debug|Any CPU.ActiveCfg = Debug|Any CPU
		{2517E1E8-C7B3-49FC-883E-F5749B221907}.Debug|Any CPU.Build.0 = Debug|Any CPU
		{2517E1E8-C7B3-49FC-883E-F5749B221907}.Release|Any CPU.ActiveCfg = Release|Any CPU
		{2517E1E8-C7B3-49FC-883E-F5749B221907}.Release|Any CPU.Build.0 = Release|Any CPU
		{C6238C05-448C-4120-AE01-6E63236E3DF9}.Debug|Any CPU.ActiveCfg = Debug|Any CPU
		{C6238C05-448C-4120-AE01-6E63236E3DF9}.Debug|Any CPU.Build.0 = Debug|Any CPU
		{C6238C05-448C-4120-AE01-6E63236E3DF9}.Release|Any CPU.ActiveCfg = Release|Any CPU
		{C6238C05-448C-4120-AE01-6E63236E3DF9}.Release|Any CPU.Build.0 = Release|Any CPU
		{3D6C4B9D-D255-4F08-9045-0314EAFF0BDA}.Debug|Any CPU.ActiveCfg = Debug|Any CPU
		{3D6C4B9D-D255-4F08-9045-0314EAFF0BDA}.Debug|Any CPU.Build.0 = Debug|Any CPU
		{3D6C4B9D-D255-4F08-9045-0314EAFF0BDA}.Release|Any CPU.ActiveCfg = Release|Any CPU
		{3D6C4B9D-D255-4F08-9045-0314EAFF0BDA}.Release|Any CPU.Build.0 = Release|Any CPU
		{D5F1A684-74ED-4907-BD08-5EB9FD470084}.Debug|Any CPU.ActiveCfg = Debug|Any CPU
		{D5F1A684-74ED-4907-BD08-5EB9FD470084}.Debug|Any CPU.Build.0 = Debug|Any CPU
		{D5F1A684-74ED-4907-BD08-5EB9FD470084}.Release|Any CPU.ActiveCfg = Release|Any CPU
		{D5F1A684-74ED-4907-BD08-5EB9FD470084}.Release|Any CPU.Build.0 = Release|Any CPU
		{7063DCB0-F026-4EDA-BA51-75088E61F4C9}.Debug|Any CPU.ActiveCfg = Debug|Any CPU
		{7063DCB0-F026-4EDA-BA51-75088E61F4C9}.Debug|Any CPU.Build.0 = Debug|Any CPU
		{7063DCB0-F026-4EDA-BA51-75088E61F4C9}.Release|Any CPU.ActiveCfg = Release|Any CPU
		{7063DCB0-F026-4EDA-BA51-75088E61F4C9}.Release|Any CPU.Build.0 = Release|Any CPU
		{4F1822EC-8B01-4185-80AD-47FDFB0CA05E}.Debug|Any CPU.ActiveCfg = Debug|Any CPU
		{4F1822EC-8B01-4185-80AD-47FDFB0CA05E}.Debug|Any CPU.Build.0 = Debug|Any CPU
		{4F1822EC-8B01-4185-80AD-47FDFB0CA05E}.Release|Any CPU.ActiveCfg = Release|Any CPU
		{4F1822EC-8B01-4185-80AD-47FDFB0CA05E}.Release|Any CPU.Build.0 = Release|Any CPU
		{9EE51375-7432-4F8B-B597-FEFF18DE7108}.Debug|Any CPU.ActiveCfg = Debug|Any CPU
		{9EE51375-7432-4F8B-B597-FEFF18DE7108}.Debug|Any CPU.Build.0 = Debug|Any CPU
		{9EE51375-7432-4F8B-B597-FEFF18DE7108}.Release|Any CPU.ActiveCfg = Release|Any CPU
		{9EE51375-7432-4F8B-B597-FEFF18DE7108}.Release|Any CPU.Build.0 = Release|Any CPU
		{F9D8028D-9600-4691-B202-E539AD440AD8}.Debug|Any CPU.ActiveCfg = Debug|Any CPU
		{F9D8028D-9600-4691-B202-E539AD440AD8}.Debug|Any CPU.Build.0 = Debug|Any CPU
		{F9D8028D-9600-4691-B202-E539AD440AD8}.Release|Any CPU.ActiveCfg = Release|Any CPU
		{F9D8028D-9600-4691-B202-E539AD440AD8}.Release|Any CPU.Build.0 = Release|Any CPU
		{80527214-EEE0-47BB-951A-B5EBB0D9DCAC}.Debug|Any CPU.ActiveCfg = Debug|Any CPU
		{80527214-EEE0-47BB-951A-B5EBB0D9DCAC}.Debug|Any CPU.Build.0 = Debug|Any CPU
		{80527214-EEE0-47BB-951A-B5EBB0D9DCAC}.Release|Any CPU.ActiveCfg = Release|Any CPU
		{80527214-EEE0-47BB-951A-B5EBB0D9DCAC}.Release|Any CPU.Build.0 = Release|Any CPU
		{969972D8-D615-44E3-B876-97144AFF144B}.Debug|Any CPU.ActiveCfg = Debug|Any CPU
		{969972D8-D615-44E3-B876-97144AFF144B}.Debug|Any CPU.Build.0 = Debug|Any CPU
		{969972D8-D615-44E3-B876-97144AFF144B}.Release|Any CPU.ActiveCfg = Release|Any CPU
		{969972D8-D615-44E3-B876-97144AFF144B}.Release|Any CPU.Build.0 = Release|Any CPU
		{67586082-8663-40E5-931F-867DF4BAEF59}.Debug|Any CPU.ActiveCfg = Debug|Any CPU
		{67586082-8663-40E5-931F-867DF4BAEF59}.Debug|Any CPU.Build.0 = Debug|Any CPU
		{67586082-8663-40E5-931F-867DF4BAEF59}.Release|Any CPU.ActiveCfg = Release|Any CPU
		{67586082-8663-40E5-931F-867DF4BAEF59}.Release|Any CPU.Build.0 = Release|Any CPU
		{8BCAA2C6-AF54-47EC-9545-4612A9CF5573}.Debug|Any CPU.ActiveCfg = Debug|Any CPU
		{8BCAA2C6-AF54-47EC-9545-4612A9CF5573}.Debug|Any CPU.Build.0 = Debug|Any CPU
		{8BCAA2C6-AF54-47EC-9545-4612A9CF5573}.Release|Any CPU.ActiveCfg = Release|Any CPU
		{8BCAA2C6-AF54-47EC-9545-4612A9CF5573}.Release|Any CPU.Build.0 = Release|Any CPU
		{D3463926-E68B-499A-8584-1FDA89E9E8BE}.Debug|Any CPU.ActiveCfg = Debug|Any CPU
		{D3463926-E68B-499A-8584-1FDA89E9E8BE}.Debug|Any CPU.Build.0 = Debug|Any CPU
		{D3463926-E68B-499A-8584-1FDA89E9E8BE}.Release|Any CPU.ActiveCfg = Release|Any CPU
		{D3463926-E68B-499A-8584-1FDA89E9E8BE}.Release|Any CPU.Build.0 = Release|Any CPU
		{EABE2347-848A-4587-A1F9-D242DBAE4F54}.Debug|Any CPU.ActiveCfg = Debug|Any CPU
		{EABE2347-848A-4587-A1F9-D242DBAE4F54}.Debug|Any CPU.Build.0 = Debug|Any CPU
		{EABE2347-848A-4587-A1F9-D242DBAE4F54}.Release|Any CPU.ActiveCfg = Release|Any CPU
		{EABE2347-848A-4587-A1F9-D242DBAE4F54}.Release|Any CPU.Build.0 = Release|Any CPU
		{71D43095-72AF-4CE1-A699-D4B9AF18C83E}.Debug|Any CPU.ActiveCfg = Debug|Any CPU
		{71D43095-72AF-4CE1-A699-D4B9AF18C83E}.Debug|Any CPU.Build.0 = Debug|Any CPU
		{71D43095-72AF-4CE1-A699-D4B9AF18C83E}.Release|Any CPU.ActiveCfg = Release|Any CPU
		{71D43095-72AF-4CE1-A699-D4B9AF18C83E}.Release|Any CPU.Build.0 = Release|Any CPU
	EndGlobalSection
	GlobalSection(SolutionProperties) = preSolution
		HideSolutionNode = FALSE
	EndGlobalSection
EndGlobal
